
Microsoft Visual Studio Solution File, Format Version 12.00
# Visual Studio Version 16
VisualStudioVersion = 17.0.31611.283
MinimumVisualStudioVersion = 10.0.40219.1
Project("{9A19103F-16F7-4668-BE54-9A1E7A4F7556}") = "tripshare", "tripshare\tripshare.csproj", "{8B0CC930-D413-4A67-B746-B29576B51A20}"
EndProject
Project("{FAE04EC0-301F-11D3-BF4B-00C04F79EFBC}") = "tripshare.tests", "tripshare.tests\tripshare.tests.csproj", "{A6616A5D-7670-4E2C-B8E2-CC7BD6242165}"
EndProject
Global
	GlobalSection(SolutionConfigurationPlatforms) = preSolution
		Debug|Any CPU = Debug|Any CPU
		Release|Any CPU = Release|Any CPU
	EndGlobalSection
	GlobalSection(ProjectConfigurationPlatforms) = postSolution
		{8B0CC930-D413-4A67-B746-B29576B51A20}.Debug|Any CPU.ActiveCfg = Debug|Any CPU
		{8B0CC930-D413-4A67-B746-B29576B51A20}.Debug|Any CPU.Build.0 = Debug|Any CPU
		{8B0CC930-D413-4A67-B746-B29576B51A20}.Debug|Any CPU.Deploy.0 = Debug|Any CPU
		{8B0CC930-D413-4A67-B746-B29576B51A20}.Release|Any CPU.ActiveCfg = Release|Any CPU
		{8B0CC930-D413-4A67-B746-B29576B51A20}.Release|Any CPU.Build.0 = Release|Any CPU
		{8B0CC930-D413-4A67-B746-B29576B51A20}.Release|Any CPU.Deploy.0 = Release|Any CPU
		{A6616A5D-7670-4E2C-B8E2-CC7BD6242165}.Debug|Any CPU.ActiveCfg = Debug|Any CPU
		{A6616A5D-7670-4E2C-B8E2-CC7BD6242165}.Debug|Any CPU.Build.0 = Debug|Any CPU
		{A6616A5D-7670-4E2C-B8E2-CC7BD6242165}.Release|Any CPU.ActiveCfg = Release|Any CPU
		{A6616A5D-7670-4E2C-B8E2-CC7BD6242165}.Release|Any CPU.Build.0 = Release|Any CPU
	EndGlobalSection
	GlobalSection(SolutionProperties) = preSolution
		HideSolutionNode = FALSE
	EndGlobalSection
	GlobalSection(ExtensibilityGlobals) = postSolution
		SolutionGuid = {61F7FB11-1E47-470C-91E2-47F8143E1572}
	EndGlobalSection
EndGlobal
